
Microsoft Visual Studio Solution File, Format Version 12.00
# Visual Studio Version 16
VisualStudioVersion = 16.0.31321.278
MinimumVisualStudioVersion = 10.0.40219.1
Project("{FAE04EC0-301F-11D3-BF4B-00C04F79EFBC}") = "class2_1", "class2\class2_1.csproj", "{8C15A46A-1696-4BB5-8D20-94EA139EC678}"
EndProject
Project("{FAE04EC0-301F-11D3-BF4B-00C04F79EFBC}") = "class2_2", "class2_2\class2_2.csproj", "{9FE5D5F1-8734-4055-8FAB-5C48DA32E2B9}"
EndProject
Project("{FAE04EC0-301F-11D3-BF4B-00C04F79EFBC}") = "class2_3", "class_3\class2_3.csproj", "{3F3C33F1-CB21-49D9-A44B-60974A5B1D56}"
EndProject
Project("{FAE04EC0-301F-11D3-BF4B-00C04F79EFBC}") = "class2_4", "class2_4\class2_4.csproj", "{B549D014-8574-4732-B7A9-F1824A1AFA27}"
EndProject
Global
	GlobalSection(SolutionConfigurationPlatforms) = preSolution
		Debug|Any CPU = Debug|Any CPU
		Release|Any CPU = Release|Any CPU
	EndGlobalSection
	GlobalSection(ProjectConfigurationPlatforms) = postSolution
		{8C15A46A-1696-4BB5-8D20-94EA139EC678}.Debug|Any CPU.ActiveCfg = Debug|Any CPU
		{8C15A46A-1696-4BB5-8D20-94EA139EC678}.Debug|Any CPU.Build.0 = Debug|Any CPU
		{8C15A46A-1696-4BB5-8D20-94EA139EC678}.Release|Any CPU.ActiveCfg = Release|Any CPU
		{8C15A46A-1696-4BB5-8D20-94EA139EC678}.Release|Any CPU.Build.0 = Release|Any CPU
		{9FE5D5F1-8734-4055-8FAB-5C48DA32E2B9}.Debug|Any CPU.ActiveCfg = Debug|Any CPU
		{9FE5D5F1-8734-4055-8FAB-5C48DA32E2B9}.Debug|Any CPU.Build.0 = Debug|Any CPU
		{9FE5D5F1-8734-4055-8FAB-5C48DA32E2B9}.Release|Any CPU.ActiveCfg = Release|Any CPU
		{9FE5D5F1-8734-4055-8FAB-5C48DA32E2B9}.Release|Any CPU.Build.0 = Release|Any CPU
		{3F3C33F1-CB21-49D9-A44B-60974A5B1D56}.Debug|Any CPU.ActiveCfg = Debug|Any CPU
		{3F3C33F1-CB21-49D9-A44B-60974A5B1D56}.Debug|Any CPU.Build.0 = Debug|Any CPU
		{3F3C33F1-CB21-49D9-A44B-60974A5B1D56}.Release|Any CPU.ActiveCfg = Release|Any CPU
		{3F3C33F1-CB21-49D9-A44B-60974A5B1D56}.Release|Any CPU.Build.0 = Release|Any CPU
		{B549D014-8574-4732-B7A9-F1824A1AFA27}.Debug|Any CPU.ActiveCfg = Debug|Any CPU
		{B549D014-8574-4732-B7A9-F1824A1AFA27}.Debug|Any CPU.Build.0 = Debug|Any CPU
		{B549D014-8574-4732-B7A9-F1824A1AFA27}.Release|Any CPU.ActiveCfg = Release|Any CPU
		{B549D014-8574-4732-B7A9-F1824A1AFA27}.Release|Any CPU.Build.0 = Release|Any CPU
	EndGlobalSection
	GlobalSection(SolutionProperties) = preSolution
		HideSolutionNode = FALSE
	EndGlobalSection
	GlobalSection(ExtensibilityGlobals) = postSolution
		SolutionGuid = {D9943A5D-D980-4B25-9F43-832BAF9DCE76}
	EndGlobalSection
EndGlobal
