
Microsoft Visual Studio Solution File, Format Version 12.00
# Visual Studio Version 16
VisualStudioVersion = 16.0.31321.278
MinimumVisualStudioVersion = 10.0.40219.1
Project("{FAE04EC0-301F-11D3-BF4B-00C04F79EFBC}") = "Table1", "Table1.csproj", "{5A6E179E-E943-4EF8-8D94-139E918B5A94}"
EndProject
Global
	GlobalSection(SolutionConfigurationPlatforms) = preSolution
		Debug|Any CPU = Debug|Any CPU
		Release|Any CPU = Release|Any CPU
	EndGlobalSection
	GlobalSection(ProjectConfigurationPlatforms) = postSolution
		{5A6E179E-E943-4EF8-8D94-139E918B5A94}.Debug|Any CPU.ActiveCfg = Debug|Any CPU
		{5A6E179E-E943-4EF8-8D94-139E918B5A94}.Debug|Any CPU.Build.0 = Debug|Any CPU
		{5A6E179E-E943-4EF8-8D94-139E918B5A94}.Release|Any CPU.ActiveCfg = Release|Any CPU
		{5A6E179E-E943-4EF8-8D94-139E918B5A94}.Release|Any CPU.Build.0 = Release|Any CPU
	EndGlobalSection
	GlobalSection(SolutionProperties) = preSolution
		HideSolutionNode = FALSE
	EndGlobalSection
	GlobalSection(ExtensibilityGlobals) = postSolution
		SolutionGuid = {E36AC6EF-50E1-4256-BE31-B2745E8E68FF}
	EndGlobalSection
EndGlobal
