
Microsoft Visual Studio Solution File, Format Version 12.00
# Visual Studio Version 16
VisualStudioVersion = 16.0.31321.278
MinimumVisualStudioVersion = 10.0.40219.1
Project("{FAE04EC0-301F-11D3-BF4B-00C04F79EFBC}") = "numSort", "numSort.csproj", "{9F6200F7-41D7-4EA9-8355-FF807E3F4A5E}"
EndProject
Global
	GlobalSection(SolutionConfigurationPlatforms) = preSolution
		Debug|Any CPU = Debug|Any CPU
		Release|Any CPU = Release|Any CPU
	EndGlobalSection
	GlobalSection(ProjectConfigurationPlatforms) = postSolution
		{9F6200F7-41D7-4EA9-8355-FF807E3F4A5E}.Debug|Any CPU.ActiveCfg = Debug|Any CPU
		{9F6200F7-41D7-4EA9-8355-FF807E3F4A5E}.Debug|Any CPU.Build.0 = Debug|Any CPU
		{9F6200F7-41D7-4EA9-8355-FF807E3F4A5E}.Release|Any CPU.ActiveCfg = Release|Any CPU
		{9F6200F7-41D7-4EA9-8355-FF807E3F4A5E}.Release|Any CPU.Build.0 = Release|Any CPU
	EndGlobalSection
	GlobalSection(SolutionProperties) = preSolution
		HideSolutionNode = FALSE
	EndGlobalSection
	GlobalSection(ExtensibilityGlobals) = postSolution
		SolutionGuid = {521B4271-2EEE-4D69-91FF-7D8F6597C13A}
	EndGlobalSection
EndGlobal
